// !$*UTF8*$!
{
	archiveVersion = 1;
	classes = {
	};
	objectVersion = 46;
	objects = {

/* Begin PBXBuildFile section */
		271B706E197415E00044E7B7 /* SettingsViewController.m in Sources */ = {isa = PBXBuildFile; fileRef = 271B706D197415E00044E7B7 /* SettingsViewController.m */; };
		271B7072197416900044E7B7 /* SettingsView.xib in Resources */ = {isa = PBXBuildFile; fileRef = 271B7071197416900044E7B7 /* SettingsView.xib */; };
		271B709019783F600044E7B7 /* libADALiOS.a in Frameworks */ = {isa = PBXBuildFile; fileRef = 271B708F19783F600044E7B7 /* libADALiOS.a */; };
		271B709319795C610044E7B7 /* LocalStorage.m in Sources */ = {isa = PBXBuildFile; fileRef = 271B709219795C610044E7B7 /* LocalStorage.m */; };
		271B70D5197A32A90044E7B7 /* CRMClient.m in Sources */ = {isa = PBXBuildFile; fileRef = 271B70D4197A32A90044E7B7 /* CRMClient.m */; };
		271B70D9197F6D630044E7B7 /* XMLParsingHelper.m in Sources */ = {isa = PBXBuildFile; fileRef = 271B70D8197F6D630044E7B7 /* XMLParsingHelper.m */; };
		271B70DB197F6DC30044E7B7 /* libxml2.dylib in Frameworks */ = {isa = PBXBuildFile; fileRef = 271B70DA197F6DC30044E7B7 /* libxml2.dylib */; };
		271B70DF197F86470044E7B7 /* NSString+StringFormatting.m in Sources */ = {isa = PBXBuildFile; fileRef = 271B70DE197F86470044E7B7 /* NSString+StringFormatting.m */; };
		271B71D119898FC90044E7B7 /* NSString+XMLEncode.m in Sources */ = {isa = PBXBuildFile; fileRef = 271B71D019898FC90044E7B7 /* NSString+XMLEncode.m */; };
		274D5B91199034E1008C4B39 /* ADAL_iPad_Storyboard.storyboard in Resources */ = {isa = PBXBuildFile; fileRef = 274D5B8F199034E1008C4B39 /* ADAL_iPad_Storyboard.storyboard */; };
		274D5B92199034E1008C4B39 /* ADAL_iPhone_Storyboard.storyboard in Resources */ = {isa = PBXBuildFile; fileRef = 274D5B90199034E1008C4B39 /* ADAL_iPhone_Storyboard.storyboard */; };
		27B579BC1964B67A00766ABE /* CRMObject.m in Sources */ = {isa = PBXBuildFile; fileRef = 27B579BB1964B67A00766ABE /* CRMObject.m */; };
		27B579BF1964B6BC00766ABE /* CRMContact.m in Sources */ = {isa = PBXBuildFile; fileRef = 27B579BE1964B6BC00766ABE /* CRMContact.m */; };
		27B579C21964BBA000766ABE /* ObjectDetailsViewController.m in Sources */ = {isa = PBXBuildFile; fileRef = 27B579C11964BBA000766ABE /* ObjectDetailsViewController.m */; };
		27B579C71964E85A00766ABE /* NewActivityViewController.m in Sources */ = {isa = PBXBuildFile; fileRef = 27B579C61964E85A00766ABE /* NewActivityViewController.m */; };
		27B579C91964E86E00766ABE /* NewActivityView.xib in Resources */ = {isa = PBXBuildFile; fileRef = 27B579C81964E86E00766ABE /* NewActivityView.xib */; };
		27B579CB1964E8A100766ABE /* ObjectDetailsView.xib in Resources */ = {isa = PBXBuildFile; fileRef = 27B579CA1964E8A100766ABE /* ObjectDetailsView.xib */; };
		27B579CF19659ED100766ABE /* CRMActivity.m in Sources */ = {isa = PBXBuildFile; fileRef = 27B579CE19659ED100766ABE /* CRMActivity.m */; };
		27C4F25E1958C8CA00459D3D /* Foundation.framework in Frameworks */ = {isa = PBXBuildFile; fileRef = 27C4F25D1958C8CA00459D3D /* Foundation.framework */; };
		27C4F2601958C8CA00459D3D /* CoreGraphics.framework in Frameworks */ = {isa = PBXBuildFile; fileRef = 27C4F25F1958C8CA00459D3D /* CoreGraphics.framework */; };
		27C4F2621958C8CA00459D3D /* UIKit.framework in Frameworks */ = {isa = PBXBuildFile; fileRef = 27C4F2611958C8CA00459D3D /* UIKit.framework */; };
		27C4F2681958C8CA00459D3D /* InfoPlist.strings in Resources */ = {isa = PBXBuildFile; fileRef = 27C4F2661958C8CA00459D3D /* InfoPlist.strings */; };
		27C4F26A1958C8CA00459D3D /* main.m in Sources */ = {isa = PBXBuildFile; fileRef = 27C4F2691958C8CA00459D3D /* main.m */; };
		27C4F26E1958C8CA00459D3D /* AppDelegate.m in Sources */ = {isa = PBXBuildFile; fileRef = 27C4F26D1958C8CA00459D3D /* AppDelegate.m */; };
		27C4F2701958C8CA00459D3D /* Images.xcassets in Resources */ = {isa = PBXBuildFile; fileRef = 27C4F26F1958C8CA00459D3D /* Images.xcassets */; };
		27C4F2901959FA1C00459D3D /* HomeViewController.m in Sources */ = {isa = PBXBuildFile; fileRef = 27C4F28F1959FA1C00459D3D /* HomeViewController.m */; };
		27C4F2921959FA9600459D3D /* HomeView.xib in Resources */ = {isa = PBXBuildFile; fileRef = 27C4F2911959FA9600459D3D /* HomeView.xib */; };
/* End PBXBuildFile section */

/* Begin PBXFileReference section */
		271B706C197415E00044E7B7 /* SettingsViewController.h */ = {isa = PBXFileReference; fileEncoding = 4; lastKnownFileType = sourcecode.c.h; path = SettingsViewController.h; sourceTree = "<group>"; };
		271B706D197415E00044E7B7 /* SettingsViewController.m */ = {isa = PBXFileReference; fileEncoding = 4; lastKnownFileType = sourcecode.c.objc; path = SettingsViewController.m; sourceTree = "<group>"; };
		271B7071197416900044E7B7 /* SettingsView.xib */ = {isa = PBXFileReference; fileEncoding = 4; lastKnownFileType = file.xib; path = SettingsView.xib; sourceTree = "<group>"; };
		271B708F19783F600044E7B7 /* libADALiOS.a */ = {isa = PBXFileReference; lastKnownFileType = archive.ar; name = libADALiOS.a; path = "ADALiOS/build/Debug-iphoneos/libADALiOS.a"; sourceTree = "<group>"; };
		271B709119795C610044E7B7 /* LocalStorage.h */ = {isa = PBXFileReference; fileEncoding = 4; lastKnownFileType = sourcecode.c.h; path = LocalStorage.h; sourceTree = "<group>"; };
		271B709219795C610044E7B7 /* LocalStorage.m */ = {isa = PBXFileReference; fileEncoding = 4; lastKnownFileType = sourcecode.c.objc; path = LocalStorage.m; sourceTree = "<group>"; };
		271B70D3197A32A90044E7B7 /* CRMClient.h */ = {isa = PBXFileReference; fileEncoding = 4; lastKnownFileType = sourcecode.c.h; path = CRMClient.h; sourceTree = "<group>"; };
		271B70D4197A32A90044E7B7 /* CRMClient.m */ = {isa = PBXFileReference; fileEncoding = 4; lastKnownFileType = sourcecode.c.objc; path = CRMClient.m; sourceTree = "<group>"; };
		271B70D7197F6D630044E7B7 /* XMLParsingHelper.h */ = {isa = PBXFileReference; fileEncoding = 4; lastKnownFileType = sourcecode.c.h; path = XMLParsingHelper.h; sourceTree = "<group>"; };
		271B70D8197F6D630044E7B7 /* XMLParsingHelper.m */ = {isa = PBXFileReference; fileEncoding = 4; lastKnownFileType = sourcecode.c.objc; path = XMLParsingHelper.m; sourceTree = "<group>"; };
		271B70DA197F6DC30044E7B7 /* libxml2.dylib */ = {isa = PBXFileReference; lastKnownFileType = "compiled.mach-o.dylib"; name = libxml2.dylib; path = usr/lib/libxml2.dylib; sourceTree = SDKROOT; };
		271B70DD197F86470044E7B7 /* NSString+StringFormatting.h */ = {isa = PBXFileReference; fileEncoding = 4; lastKnownFileType = sourcecode.c.h; path = "NSString+StringFormatting.h"; sourceTree = "<group>"; };
		271B70DE197F86470044E7B7 /* NSString+StringFormatting.m */ = {isa = PBXFileReference; fileEncoding = 4; lastKnownFileType = sourcecode.c.objc; path = "NSString+StringFormatting.m"; sourceTree = "<group>"; };
		271B71CF19898FC90044E7B7 /* NSString+XMLEncode.h */ = {isa = PBXFileReference; fileEncoding = 4; lastKnownFileType = sourcecode.c.h; path = "NSString+XMLEncode.h"; sourceTree = "<group>"; };
		271B71D019898FC90044E7B7 /* NSString+XMLEncode.m */ = {isa = PBXFileReference; fileEncoding = 4; lastKnownFileType = sourcecode.c.objc; path = "NSString+XMLEncode.m"; sourceTree = "<group>"; };
		274D5B8F199034E1008C4B39 /* ADAL_iPad_Storyboard.storyboard */ = {isa = PBXFileReference; fileEncoding = 4; lastKnownFileType = file.storyboard; name = ADAL_iPad_Storyboard.storyboard; path = ADALiOS/ADALiOS/ADAL_iPad_Storyboard.storyboard; sourceTree = SOURCE_ROOT; };
		274D5B90199034E1008C4B39 /* ADAL_iPhone_Storyboard.storyboard */ = {isa = PBXFileReference; fileEncoding = 4; lastKnownFileType = file.storyboard; name = ADAL_iPhone_Storyboard.storyboard; path = ADALiOS/ADALiOS/ADAL_iPhone_Storyboard.storyboard; sourceTree = SOURCE_ROOT; };
		27B579BA1964B67A00766ABE /* CRMObject.h */ = {isa = PBXFileReference; fileEncoding = 4; lastKnownFileType = sourcecode.c.h; path = CRMObject.h; sourceTree = "<group>"; };
		27B579BB1964B67A00766ABE /* CRMObject.m */ = {isa = PBXFileReference; fileEncoding = 4; lastKnownFileType = sourcecode.c.objc; path = CRMObject.m; sourceTree = "<group>"; };
		27B579BD1964B6BC00766ABE /* CRMContact.h */ = {isa = PBXFileReference; fileEncoding = 4; lastKnownFileType = sourcecode.c.h; path = CRMContact.h; sourceTree = "<group>"; };
		27B579BE1964B6BC00766ABE /* CRMContact.m */ = {isa = PBXFileReference; fileEncoding = 4; lastKnownFileType = sourcecode.c.objc; path = CRMContact.m; sourceTree = "<group>"; };
		27B579C01964BBA000766ABE /* ObjectDetailsViewController.h */ = {isa = PBXFileReference; fileEncoding = 4; lastKnownFileType = sourcecode.c.h; path = ObjectDetailsViewController.h; sourceTree = "<group>"; };
		27B579C11964BBA000766ABE /* ObjectDetailsViewController.m */ = {isa = PBXFileReference; fileEncoding = 4; lastKnownFileType = sourcecode.c.objc; path = ObjectDetailsViewController.m; sourceTree = "<group>"; };
		27B579C51964E85A00766ABE /* NewActivityViewController.h */ = {isa = PBXFileReference; fileEncoding = 4; lastKnownFileType = sourcecode.c.h; path = NewActivityViewController.h; sourceTree = "<group>"; };
		27B579C61964E85A00766ABE /* NewActivityViewController.m */ = {isa = PBXFileReference; fileEncoding = 4; lastKnownFileType = sourcecode.c.objc; path = NewActivityViewController.m; sourceTree = "<group>"; };
		27B579C81964E86E00766ABE /* NewActivityView.xib */ = {isa = PBXFileReference; fileEncoding = 4; lastKnownFileType = file.xib; path = NewActivityView.xib; sourceTree = "<group>"; };
		27B579CA1964E8A100766ABE /* ObjectDetailsView.xib */ = {isa = PBXFileReference; fileEncoding = 4; lastKnownFileType = file.xib; path = ObjectDetailsView.xib; sourceTree = "<group>"; };
		27B579CC1965029500766ABE /* ColorsAndFonts.h */ = {isa = PBXFileReference; lastKnownFileType = sourcecode.c.h; path = ColorsAndFonts.h; sourceTree = "<group>"; };
		27B579CD19659ED100766ABE /* CRMActivity.h */ = {isa = PBXFileReference; fileEncoding = 4; lastKnownFileType = sourcecode.c.h; path = CRMActivity.h; sourceTree = "<group>"; };
		27B579CE19659ED100766ABE /* CRMActivity.m */ = {isa = PBXFileReference; fileEncoding = 4; lastKnownFileType = sourcecode.c.objc; path = CRMActivity.m; sourceTree = "<group>"; };
		27C4F25A1958C8CA00459D3D /* ActivityTracker.app */ = {isa = PBXFileReference; explicitFileType = wrapper.application; includeInIndex = 0; path = ActivityTracker.app; sourceTree = BUILT_PRODUCTS_DIR; };
		27C4F25D1958C8CA00459D3D /* Foundation.framework */ = {isa = PBXFileReference; lastKnownFileType = wrapper.framework; name = Foundation.framework; path = System/Library/Frameworks/Foundation.framework; sourceTree = SDKROOT; };
		27C4F25F1958C8CA00459D3D /* CoreGraphics.framework */ = {isa = PBXFileReference; lastKnownFileType = wrapper.framework; name = CoreGraphics.framework; path = System/Library/Frameworks/CoreGraphics.framework; sourceTree = SDKROOT; };
		27C4F2611958C8CA00459D3D /* UIKit.framework */ = {isa = PBXFileReference; lastKnownFileType = wrapper.framework; name = UIKit.framework; path = System/Library/Frameworks/UIKit.framework; sourceTree = SDKROOT; };
		27C4F2651958C8CA00459D3D /* ActivityTracker-Info.plist */ = {isa = PBXFileReference; lastKnownFileType = text.plist.xml; path = "ActivityTracker-Info.plist"; sourceTree = "<group>"; };
		27C4F2671958C8CA00459D3D /* en */ = {isa = PBXFileReference; lastKnownFileType = text.plist.strings; name = en; path = en.lproj/InfoPlist.strings; sourceTree = "<group>"; };
		27C4F2691958C8CA00459D3D /* main.m */ = {isa = PBXFileReference; lastKnownFileType = sourcecode.c.objc; path = main.m; sourceTree = "<group>"; };
		27C4F26B1958C8CA00459D3D /* ActivityTracker-Prefix.pch */ = {isa = PBXFileReference; lastKnownFileType = sourcecode.c.h; path = "ActivityTracker-Prefix.pch"; sourceTree = "<group>"; };
		27C4F26C1958C8CA00459D3D /* AppDelegate.h */ = {isa = PBXFileReference; lastKnownFileType = sourcecode.c.h; path = AppDelegate.h; sourceTree = "<group>"; };
		27C4F26D1958C8CA00459D3D /* AppDelegate.m */ = {isa = PBXFileReference; lastKnownFileType = sourcecode.c.objc; path = AppDelegate.m; sourceTree = "<group>"; };
		27C4F26F1958C8CA00459D3D /* Images.xcassets */ = {isa = PBXFileReference; lastKnownFileType = folder.assetcatalog; path = Images.xcassets; sourceTree = "<group>"; };
		27C4F28E1959FA1C00459D3D /* HomeViewController.h */ = {isa = PBXFileReference; fileEncoding = 4; lastKnownFileType = sourcecode.c.h; path = HomeViewController.h; sourceTree = "<group>"; };
		27C4F28F1959FA1C00459D3D /* HomeViewController.m */ = {isa = PBXFileReference; fileEncoding = 4; lastKnownFileType = sourcecode.c.objc; path = HomeViewController.m; sourceTree = "<group>"; };
		27C4F2911959FA9600459D3D /* HomeView.xib */ = {isa = PBXFileReference; fileEncoding = 4; lastKnownFileType = file.xib; path = HomeView.xib; sourceTree = "<group>"; };
/* End PBXFileReference section */

/* Begin PBXFrameworksBuildPhase section */
		27C4F2571958C8CA00459D3D /* Frameworks */ = {
			isa = PBXFrameworksBuildPhase;
			buildActionMask = 2147483647;
			files = (
				271B70DB197F6DC30044E7B7 /* libxml2.dylib in Frameworks */,
				271B709019783F600044E7B7 /* libADALiOS.a in Frameworks */,
				27C4F2601958C8CA00459D3D /* CoreGraphics.framework in Frameworks */,
				27C4F2621958C8CA00459D3D /* UIKit.framework in Frameworks */,
				27C4F25E1958C8CA00459D3D /* Foundation.framework in Frameworks */,
			);
			runOnlyForDeploymentPostprocessing = 0;
		};
/* End PBXFrameworksBuildPhase section */

/* Begin PBXGroup section */
		271B70DC197F86340044E7B7 /* ClassCategories */ = {
			isa = PBXGroup;
			children = (
				271B71CF19898FC90044E7B7 /* NSString+XMLEncode.h */,
				271B71D019898FC90044E7B7 /* NSString+XMLEncode.m */,
				271B70DD197F86470044E7B7 /* NSString+StringFormatting.h */,
				271B70DE197F86470044E7B7 /* NSString+StringFormatting.m */,
			);
			path = ClassCategories;
			sourceTree = "<group>";
		};
		27B579B91964B66000766ABE /* Objects */ = {
			isa = PBXGroup;
			children = (
				27B579BA1964B67A00766ABE /* CRMObject.h */,
				27B579BB1964B67A00766ABE /* CRMObject.m */,
				27B579BD1964B6BC00766ABE /* CRMContact.h */,
				27B579BE1964B6BC00766ABE /* CRMContact.m */,
				27B579CD19659ED100766ABE /* CRMActivity.h */,
				27B579CE19659ED100766ABE /* CRMActivity.m */,
			);
			path = Objects;
			sourceTree = "<group>";
		};
		27C4F2511958C8CA00459D3D = {
			isa = PBXGroup;
			children = (
				27C4F2631958C8CA00459D3D /* ActivityTracker */,
				27C4F25C1958C8CA00459D3D /* Frameworks */,
				27C4F25B1958C8CA00459D3D /* Products */,
			);
			sourceTree = "<group>";
		};
		27C4F25B1958C8CA00459D3D /* Products */ = {
			isa = PBXGroup;
			children = (
				27C4F25A1958C8CA00459D3D /* ActivityTracker.app */,
			);
			name = Products;
			sourceTree = "<group>";
		};
		27C4F25C1958C8CA00459D3D /* Frameworks */ = {
			isa = PBXGroup;
			children = (
				271B70DA197F6DC30044E7B7 /* libxml2.dylib */,
				271B708F19783F600044E7B7 /* libADALiOS.a */,
				27C4F25D1958C8CA00459D3D /* Foundation.framework */,
				27C4F25F1958C8CA00459D3D /* CoreGraphics.framework */,
				27C4F2611958C8CA00459D3D /* UIKit.framework */,
			);
			name = Frameworks;
			sourceTree = "<group>";
		};
		27C4F2631958C8CA00459D3D /* ActivityTracker */ = {
			isa = PBXGroup;
			children = (
				271B70DC197F86340044E7B7 /* ClassCategories */,
				27C4F28C1959B94600459D3D /* CRMConnector */,
				27B579B91964B66000766ABE /* Objects */,
				27C4F28D1959F89900459D3D /* UI */,
				27C4F26C1958C8CA00459D3D /* AppDelegate.h */,
				27C4F26D1958C8CA00459D3D /* AppDelegate.m */,
				27B579CC1965029500766ABE /* ColorsAndFonts.h */,
				27C4F26F1958C8CA00459D3D /* Images.xcassets */,
				27C4F2641958C8CA00459D3D /* Supporting Files */,
			);
			path = ActivityTracker;
			sourceTree = "<group>";
		};
		27C4F2641958C8CA00459D3D /* Supporting Files */ = {
			isa = PBXGroup;
			children = (
				274D5B8F199034E1008C4B39 /* ADAL_iPad_Storyboard.storyboard */,
				274D5B90199034E1008C4B39 /* ADAL_iPhone_Storyboard.storyboard */,
				27C4F2651958C8CA00459D3D /* ActivityTracker-Info.plist */,
				27C4F2661958C8CA00459D3D /* InfoPlist.strings */,
				27C4F2691958C8CA00459D3D /* main.m */,
				27C4F26B1958C8CA00459D3D /* ActivityTracker-Prefix.pch */,
			);
			name = "Supporting Files";
			sourceTree = "<group>";
		};
		27C4F28C1959B94600459D3D /* CRMConnector */ = {
			isa = PBXGroup;
			children = (
				271B709119795C610044E7B7 /* LocalStorage.h */,
				271B709219795C610044E7B7 /* LocalStorage.m */,
				271B70D3197A32A90044E7B7 /* CRMClient.h */,
				271B70D4197A32A90044E7B7 /* CRMClient.m */,
				271B70D7197F6D630044E7B7 /* XMLParsingHelper.h */,
				271B70D8197F6D630044E7B7 /* XMLParsingHelper.m */,
			);
			path = CRMConnector;
			sourceTree = "<group>";
		};
		27C4F28D1959F89900459D3D /* UI */ = {
			isa = PBXGroup;
			children = (
				27C4F28E1959FA1C00459D3D /* HomeViewController.h */,
				27C4F28F1959FA1C00459D3D /* HomeViewController.m */,
				27C4F2911959FA9600459D3D /* HomeView.xib */,
				27B579C01964BBA000766ABE /* ObjectDetailsViewController.h */,
				27B579C11964BBA000766ABE /* ObjectDetailsViewController.m */,
				27B579CA1964E8A100766ABE /* ObjectDetailsView.xib */,
				27B579C51964E85A00766ABE /* NewActivityViewController.h */,
				27B579C61964E85A00766ABE /* NewActivityViewController.m */,
				27B579C81964E86E00766ABE /* NewActivityView.xib */,
				271B706C197415E00044E7B7 /* SettingsViewController.h */,
				271B706D197415E00044E7B7 /* SettingsViewController.m */,
				271B7071197416900044E7B7 /* SettingsView.xib */,
			);
			path = UI;
			sourceTree = "<group>";
		};
/* End PBXGroup section */

/* Begin PBXNativeTarget section */
		27C4F2591958C8CA00459D3D /* ActivityTracker */ = {
			isa = PBXNativeTarget;
			buildConfigurationList = 27C4F2861958C8CA00459D3D /* Build configuration list for PBXNativeTarget "ActivityTracker" */;
			buildPhases = (
				27C4F2561958C8CA00459D3D /* Sources */,
				27C4F2571958C8CA00459D3D /* Frameworks */,
				27C4F2581958C8CA00459D3D /* Resources */,
			);
			buildRules = (
			);
			dependencies = (
			);
			name = ActivityTracker;
			productName = ActivityLogger;
			productReference = 27C4F25A1958C8CA00459D3D /* ActivityTracker.app */;
			productType = "com.apple.product-type.application";
		};
/* End PBXNativeTarget section */

/* Begin PBXProject section */
		27C4F2521958C8CA00459D3D /* Project object */ = {
			isa = PBXProject;
			attributes = {
				LastUpgradeCheck = 0510;
				ORGANIZATIONNAME = "Sonoma Partners";
			};
			buildConfigurationList = 27C4F2551958C8CA00459D3D /* Build configuration list for PBXProject "ActivityTracker" */;
			compatibilityVersion = "Xcode 3.2";
			developmentRegion = English;
			hasScannedForEncodings = 0;
			knownRegions = (
				en,
			);
			mainGroup = 27C4F2511958C8CA00459D3D;
			productRefGroup = 27C4F25B1958C8CA00459D3D /* Products */;
			projectDirPath = "";
			projectRoot = "";
			targets = (
				27C4F2591958C8CA00459D3D /* ActivityTracker */,
			);
		};
/* End PBXProject section */

/* Begin PBXResourcesBuildPhase section */
		27C4F2581958C8CA00459D3D /* Resources */ = {
			isa = PBXResourcesBuildPhase;
			buildActionMask = 2147483647;
			files = (
				27C4F2681958C8CA00459D3D /* InfoPlist.strings in Resources */,
				27C4F2701958C8CA00459D3D /* Images.xcassets in Resources */,
				27B579C91964E86E00766ABE /* NewActivityView.xib in Resources */,
				271B7072197416900044E7B7 /* SettingsView.xib in Resources */,
				274D5B92199034E1008C4B39 /* ADAL_iPhone_Storyboard.storyboard in Resources */,
				27C4F2921959FA9600459D3D /* HomeView.xib in Resources */,
				274D5B91199034E1008C4B39 /* ADAL_iPad_Storyboard.storyboard in Resources */,
				27B579CB1964E8A100766ABE /* ObjectDetailsView.xib in Resources */,
			);
			runOnlyForDeploymentPostprocessing = 0;
		};
/* End PBXResourcesBuildPhase section */

/* Begin PBXSourcesBuildPhase section */
		27C4F2561958C8CA00459D3D /* Sources */ = {
			isa = PBXSourcesBuildPhase;
			buildActionMask = 2147483647;
			files = (
				27B579C21964BBA000766ABE /* ObjectDetailsViewController.m in Sources */,
				27C4F26E1958C8CA00459D3D /* AppDelegate.m in Sources */,
				27C4F26A1958C8CA00459D3D /* main.m in Sources */,
				271B71D119898FC90044E7B7 /* NSString+XMLEncode.m in Sources */,
				271B709319795C610044E7B7 /* LocalStorage.m in Sources */,
				271B70D5197A32A90044E7B7 /* CRMClient.m in Sources */,
				271B706E197415E00044E7B7 /* SettingsViewController.m in Sources */,
				271B70D9197F6D630044E7B7 /* XMLParsingHelper.m in Sources */,
				27C4F2901959FA1C00459D3D /* HomeViewController.m in Sources */,
				27B579BC1964B67A00766ABE /* CRMObject.m in Sources */,
				27B579BF1964B6BC00766ABE /* CRMContact.m in Sources */,
				27B579C71964E85A00766ABE /* NewActivityViewController.m in Sources */,
				271B70DF197F86470044E7B7 /* NSString+StringFormatting.m in Sources */,
				27B579CF19659ED100766ABE /* CRMActivity.m in Sources */,
			);
			runOnlyForDeploymentPostprocessing = 0;
		};
/* End PBXSourcesBuildPhase section */

/* Begin PBXVariantGroup section */
		27C4F2661958C8CA00459D3D /* InfoPlist.strings */ = {
			isa = PBXVariantGroup;
			children = (
				27C4F2671958C8CA00459D3D /* en */,
			);
			name = InfoPlist.strings;
			sourceTree = "<group>";
		};
/* End PBXVariantGroup section */

/* Begin XCBuildConfiguration section */
		27C4F2841958C8CA00459D3D /* Debug */ = {
			isa = XCBuildConfiguration;
			buildSettings = {
				ALWAYS_SEARCH_USER_PATHS = NO;
				CLANG_CXX_LANGUAGE_STANDARD = "gnu++0x";
				CLANG_CXX_LIBRARY = "libc++";
				CLANG_ENABLE_MODULES = YES;
				CLANG_ENABLE_OBJC_ARC = YES;
				CLANG_WARN_BOOL_CONVERSION = YES;
				CLANG_WARN_CONSTANT_CONVERSION = YES;
				CLANG_WARN_DIRECT_OBJC_ISA_USAGE = YES_ERROR;
				CLANG_WARN_EMPTY_BODY = YES;
				CLANG_WARN_ENUM_CONVERSION = YES;
				CLANG_WARN_INT_CONVERSION = YES;
				CLANG_WARN_OBJC_ROOT_CLASS = YES_ERROR;
				CLANG_WARN__DUPLICATE_METHOD_MATCH = YES;
				"CODE_SIGN_IDENTITY[sdk=iphoneos*]" = "iPhone Developer";
				COPY_PHASE_STRIP = NO;
				GCC_C_LANGUAGE_STANDARD = gnu99;
				GCC_DYNAMIC_NO_PIC = NO;
				GCC_OPTIMIZATION_LEVEL = 0;
				GCC_PREPROCESSOR_DEFINITIONS = (
					"DEBUG=1",
					"$(inherited)",
				);
				GCC_SYMBOLS_PRIVATE_EXTERN = NO;
				GCC_WARN_64_TO_32_BIT_CONVERSION = YES;
				GCC_WARN_ABOUT_RETURN_TYPE = YES_ERROR;
				GCC_WARN_UNDECLARED_SELECTOR = YES;
				GCC_WARN_UNINITIALIZED_AUTOS = YES_AGGRESSIVE;
				GCC_WARN_UNUSED_FUNCTION = YES;
				GCC_WARN_UNUSED_VARIABLE = YES;
				HEADER_SEARCH_PATHS = (
					"$(inherited)",
					/Applications/Xcode.app/Contents/Developer/Toolchains/XcodeDefault.xctoolchain/usr/include,
					"./ADALiOS/**",
				);
				IPHONEOS_DEPLOYMENT_TARGET = 7.1;
				ONLY_ACTIVE_ARCH = YES;
				SDKROOT = iphoneos;
			};
			name = Debug;
		};
		27C4F2851958C8CA00459D3D /* Release */ = {
			isa = XCBuildConfiguration;
			buildSettings = {
				ALWAYS_SEARCH_USER_PATHS = NO;
				CLANG_CXX_LANGUAGE_STANDARD = "gnu++0x";
				CLANG_CXX_LIBRARY = "libc++";
				CLANG_ENABLE_MODULES = YES;
				CLANG_ENABLE_OBJC_ARC = YES;
				CLANG_WARN_BOOL_CONVERSION = YES;
				CLANG_WARN_CONSTANT_CONVERSION = YES;
				CLANG_WARN_DIRECT_OBJC_ISA_USAGE = YES_ERROR;
				CLANG_WARN_EMPTY_BODY = YES;
				CLANG_WARN_ENUM_CONVERSION = YES;
				CLANG_WARN_INT_CONVERSION = YES;
				CLANG_WARN_OBJC_ROOT_CLASS = YES_ERROR;
				CLANG_WARN__DUPLICATE_METHOD_MATCH = YES;
				"CODE_SIGN_IDENTITY[sdk=iphoneos*]" = "iPhone Developer";
				COPY_PHASE_STRIP = YES;
				ENABLE_NS_ASSERTIONS = NO;
				GCC_C_LANGUAGE_STANDARD = gnu99;
				GCC_WARN_64_TO_32_BIT_CONVERSION = YES;
				GCC_WARN_ABOUT_RETURN_TYPE = YES_ERROR;
				GCC_WARN_UNDECLARED_SELECTOR = YES;
				GCC_WARN_UNINITIALIZED_AUTOS = YES_AGGRESSIVE;
				GCC_WARN_UNUSED_FUNCTION = YES;
				GCC_WARN_UNUSED_VARIABLE = YES;
				HEADER_SEARCH_PATHS = (
					"$(inherited)",
					/Applications/Xcode.app/Contents/Developer/Toolchains/XcodeDefault.xctoolchain/usr/include,
					"./ADALiOS/**",
				);
				IPHONEOS_DEPLOYMENT_TARGET = 7.1;
				SDKROOT = iphoneos;
				VALIDATE_PRODUCT = YES;
			};
			name = Release;
		};
		27C4F2871958C8CA00459D3D /* Debug */ = {
			isa = XCBuildConfiguration;
			buildSettings = {
				ASSETCATALOG_COMPILER_APPICON_NAME = AppIcon;
				ASSETCATALOG_COMPILER_LAUNCHIMAGE_NAME = LaunchImage;
				CODE_SIGN_IDENTITY = "iPhone Developer";
				"CODE_SIGN_IDENTITY[sdk=iphoneos*]" = "iPhone Developer";
				GCC_PRECOMPILE_PREFIX_HEADER = YES;
				GCC_PREFIX_HEADER = "ActivityTracker/ActivityTracker-Prefix.pch";
				HEADER_SEARCH_PATHS = (
					"$(inherited)",
					/Applications/Xcode.app/Contents/Developer/Toolchains/XcodeDefault.xctoolchain/usr/include,
					"$(SDKROOT)/usr/include/libxml2",
				);
				INFOPLIST_FILE = "ActivityTracker/ActivityTracker-Info.plist";
				LIBRARY_SEARCH_PATHS = "$(inherited)";
				OTHER_LDFLAGS = "-ObjC";
				PRODUCT_NAME = ActivityTracker;
				PROVISIONING_PROFILE = "";
				WRAPPER_EXTENSION = app;
			};
			name = Debug;
		};
		27C4F2881958C8CA00459D3D /* Release */ = {
			isa = XCBuildConfiguration;
			buildSettings = {
				ASSETCATALOG_COMPILER_APPICON_NAME = AppIcon;
				ASSETCATALOG_COMPILER_LAUNCHIMAGE_NAME = LaunchImage;
				CODE_SIGN_IDENTITY = "iPhone Distribution";
				"CODE_SIGN_IDENTITY[sdk=iphoneos*]" = "iPhone Distribution";
				GCC_PRECOMPILE_PREFIX_HEADER = YES;
				GCC_PREFIX_HEADER = "ActivityTracker/ActivityTracker-Prefix.pch";
				HEADER_SEARCH_PATHS = (
					"$(inherited)",
					/Applications/Xcode.app/Contents/Developer/Toolchains/XcodeDefault.xctoolchain/usr/include,
					"$(SDKROOT)/usr/include/libxml2",
				);
				INFOPLIST_FILE = "ActivityTracker/ActivityTracker-Info.plist";
				LIBRARY_SEARCH_PATHS = "$(inherited)";
				OTHER_LDFLAGS = "-ObjC";
				PRODUCT_NAME = ActivityTracker;
				PROVISIONING_PROFILE = "";
				WRAPPER_EXTENSION = app;
			};
			name = Release;
		};
/* End XCBuildConfiguration section */

/* Begin XCConfigurationList section */
		27C4F2551958C8CA00459D3D /* Build configuration list for PBXProject "ActivityTracker" */ = {
			isa = XCConfigurationList;
			buildConfigurations = (
				27C4F2841958C8CA00459D3D /* Debug */,
				27C4F2851958C8CA00459D3D /* Release */,
			);
			defaultConfigurationIsVisible = 0;
			defaultConfigurationName = Release;
		};
		27C4F2861958C8CA00459D3D /* Build configuration list for PBXNativeTarget "ActivityTracker" */ = {
			isa = XCConfigurationList;
			buildConfigurations = (
				27C4F2871958C8CA00459D3D /* Debug */,
				27C4F2881958C8CA00459D3D /* Release */,
			);
			defaultConfigurationIsVisible = 0;
			defaultConfigurationName = Release;
		};
/* End XCConfigurationList section */
	};
	rootObject = 27C4F2521958C8CA00459D3D /* Project object */;
}
